
Microsoft Visual Studio Solution File, Format Version 12.00
# Visual Studio Version 17
VisualStudioVersion = 17.11.35312.102
MinimumVisualStudioVersion = 10.0.40219.1
Project("{FAE04EC0-301F-11D3-BF4B-00C04F79EFBC}") = "MegaDesk-Bohman", "MegaDesk-Bohman\MegaDesk-Bohman.csproj", "{B01CB7BE-2B20-44E0-8D0A-5D94B4B60040}"
EndProject
Global
	GlobalSection(SolutionConfigurationPlatforms) = preSolution
		Debug|Any CPU = Debug|Any CPU
		Release|Any CPU = Release|Any CPU
	EndGlobalSection
	GlobalSection(ProjectConfigurationPlatforms) = postSolution
		{B01CB7BE-2B20-44E0-8D0A-5D94B4B60040}.Debug|Any CPU.ActiveCfg = Debug|Any CPU
		{B01CB7BE-2B20-44E0-8D0A-5D94B4B60040}.Debug|Any CPU.Build.0 = Debug|Any CPU
		{B01CB7BE-2B20-44E0-8D0A-5D94B4B60040}.Release|Any CPU.ActiveCfg = Release|Any CPU
		{B01CB7BE-2B20-44E0-8D0A-5D94B4B60040}.Release|Any CPU.Build.0 = Release|Any CPU
	EndGlobalSection
	GlobalSection(SolutionProperties) = preSolution
		HideSolutionNode = FALSE
	EndGlobalSection
	GlobalSection(ExtensibilityGlobals) = postSolution
		SolutionGuid = {0035FA6D-619C-4F41-A837-A8CFF0B850A7}
	EndGlobalSection
EndGlobal
